
Microsoft Visual Studio Solution File, Format Version 12.00
# Visual Studio Version 16
VisualStudioVersion = 16.0.30330.147
MinimumVisualStudioVersion = 10.0.40219.1
Project("{2150E333-8FDC-42A3-9474-1A3956D46DE8}") = "src", "src", "{3349D223-DB45-4A64-A93A-8435116F0C6C}"
EndProject
Project("{2150E333-8FDC-42A3-9474-1A3956D46DE8}") = "temporada", "temporada", "{C68A18D7-1B12-4BF3-B330-7013BFFED296}"
EndProject
Project("{2150E333-8FDC-42A3-9474-1A3956D46DE8}") = "time", "time", "{CF05181F-8436-4536-805F-67A7D9042049}"
EndProject
Project("{2150E333-8FDC-42A3-9474-1A3956D46DE8}") = "jogo", "jogo", "{A4C74B2D-1C5D-46CC-AAE2-E90084A1D264}"
EndProject
Project("{2150E333-8FDC-42A3-9474-1A3956D46DE8}") = "core", "core", "{CCA458FE-7566-4FEE-8339-B7C13130D9D5}"
EndProject
Project("{2150E333-8FDC-42A3-9474-1A3956D46DE8}") = "api", "api", "{7A162344-577E-4683-B3DC-956571D0F4E3}"
EndProject
Project("{2150E333-8FDC-42A3-9474-1A3956D46DE8}") = "infra", "infra", "{D622F106-9DC3-46F6-A392-7D414D0189D8}"
EndProject
Project("{2150E333-8FDC-42A3-9474-1A3956D46DE8}") = "api", "api", "{04B30DC6-7DC3-4F31-A96F-FC8E39401E4D}"
EndProject
Project("{2150E333-8FDC-42A3-9474-1A3956D46DE8}") = "core", "core", "{AF90B3C1-557D-4FDA-BBA1-67DBFEA0E683}"
EndProject
Project("{2150E333-8FDC-42A3-9474-1A3956D46DE8}") = "infra", "infra", "{5EB5530C-13DC-4DC8-BDA9-B67E8DA68E33}"
EndProject
Project("{2150E333-8FDC-42A3-9474-1A3956D46DE8}") = "api", "api", "{9DC08680-32DB-462E-B38A-99A0C084EF4B}"
EndProject
Project("{2150E333-8FDC-42A3-9474-1A3956D46DE8}") = "core", "core", "{35889592-0690-40A5-AAB4-088ED71758E8}"
EndProject
Project("{2150E333-8FDC-42A3-9474-1A3956D46DE8}") = "infra", "infra", "{F7F7BA14-ACC7-4A99-B3F3-B67CB593DC12}"
EndProject
Project("{9A19103F-16F7-4668-BE54-9A1E7A4F7556}") = "br21.api.jogo", "src\jogo\api\br21.api.jogo\br21.api.jogo.csproj", "{A6538609-114C-4F02-93AB-72465CEB9F85}"
EndProject
Project("{9A19103F-16F7-4668-BE54-9A1E7A4F7556}") = "br21.api.temporada", "src\temporada\api\br21.api.temporada\br21.api.temporada.csproj", "{4E2EFA79-F975-4DA3-B945-42BA7687A0D5}"
EndProject
Project("{9A19103F-16F7-4668-BE54-9A1E7A4F7556}") = "br21.api.time", "src\time\api\br21.api.time\br21.api.time.csproj", "{3C8DEB83-FAC3-4C8D-A1DF-F0AB26202577}"
EndProject
Project("{9A19103F-16F7-4668-BE54-9A1E7A4F7556}") = "br21.core.negocio.jogo", "src\jogo\core\br21.core.negocio.jogo\br21.core.negocio.jogo.csproj", "{D7304212-5595-4330-A6A1-7F6B97564BCF}"
EndProject
Project("{9A19103F-16F7-4668-BE54-9A1E7A4F7556}") = "br21.core.negocio.temporada", "src\temporada\core\br21.core.negocio.temporada\br21.core.negocio.temporada.csproj", "{7F81837C-4B34-4859-9580-3B379C92BFED}"
EndProject
Project("{9A19103F-16F7-4668-BE54-9A1E7A4F7556}") = "br21.core.negocio.time", "src\time\core\br21.core.negocio.time\br21.core.negocio.time.csproj", "{9C84512A-58B8-4506-AE6D-27C593CE4B26}"
EndProject
Project("{9A19103F-16F7-4668-BE54-9A1E7A4F7556}") = "br21.infra.data.jogo", "src\jogo\infra\br21.infra.data.jogo\br21.infra.data.jogo.csproj", "{67A4C35E-12D0-46ED-B128-9BDC68A66BFB}"
EndProject
Project("{9A19103F-16F7-4668-BE54-9A1E7A4F7556}") = "br21.infra.data.temporada", "src\temporada\infra\br21.infra.data.temporada\br21.infra.data.temporada.csproj", "{37358FDE-5437-458E-9A17-CDE77C31A7CE}"
EndProject
Project("{9A19103F-16F7-4668-BE54-9A1E7A4F7556}") = "br21.infra.data.time", "src\time\infra\br21.infra.data.time\br21.infra.data.time.csproj", "{CA95FE52-DD57-4FEB-9ABA-A6C617004D36}"
EndProject
Project("{9A19103F-16F7-4668-BE54-9A1E7A4F7556}") = "br21.core.entidade.jogo", "src\jogo\core\br21.core.entidade.jogo\br21.core.entidade.jogo.csproj", "{73137C0C-DE65-4675-806E-1DF47211A93E}"
EndProject
Project("{9A19103F-16F7-4668-BE54-9A1E7A4F7556}") = "br21.core.entidade.temporada", "src\temporada\core\br21.core.entidade.temporada\br21.core.entidade.temporada.csproj", "{1D43CDB1-356C-469B-8387-AE65A4B80E65}"
EndProject
Project("{9A19103F-16F7-4668-BE54-9A1E7A4F7556}") = "br21.core.entidade.time", "src\time\core\br21.core.entidade.time\br21.core.entidade.time.csproj", "{19184293-E9D0-4596-A3A8-5FCD3F5551D8}"
EndProject
Project("{2150E333-8FDC-42A3-9474-1A3956D46DE8}") = "_base", "_base", "{A553B8E7-1F34-42F4-A6ED-64BEE3CC4B24}"
EndProject
Project("{9A19103F-16F7-4668-BE54-9A1E7A4F7556}") = "br21.core.modelo.time", "src\time\core\br21.core.modelo.time\br21.core.modelo.time.csproj", "{C983A540-61A9-4F58-B1C3-AF523A8F109C}"
EndProject
Project("{9A19103F-16F7-4668-BE54-9A1E7A4F7556}") = "br21.base.dados", "src\_base\br21.base.dados\br21.base.dados.csproj", "{5004DFFC-85BA-4AD7-8F26-273BE0375CE8}"
EndProject
Project("{9A19103F-16F7-4668-BE54-9A1E7A4F7556}") = "br21.core.modelo.temporada", "src\temporada\core\br21.core.modelo.temporada\br21.core.modelo.temporada.csproj", "{C992A67B-9304-4E4C-89E3-0C5615036429}"
EndProject
Project("{9A19103F-16F7-4668-BE54-9A1E7A4F7556}") = "br21.core.modelo.jogo", "src\jogo\core\br21.core.modelo.jogo\br21.core.modelo.jogo.csproj", "{339C3F18-E585-4264-9D6C-1EA818BDF1A1}"
EndProject
Project("{9A19103F-16F7-4668-BE54-9A1E7A4F7556}") = "br21.base.modelo", "src\_base\br21.base.modelo\br21.base.modelo.csproj", "{0177D77D-9CC1-4A80-9940-13F9AD59AF87}"
EndProject
Project("{9A19103F-16F7-4668-BE54-9A1E7A4F7556}") = "br21.base.utils", "src\_base\br21.base.utils\br21.base.utils.csproj", "{8D90FFF1-126C-4B98-9376-4FD0DB86FFF3}"
EndProject
Project("{2150E333-8FDC-42A3-9474-1A3956D46DE8}") = "teste", "teste", "{06DE6BE9-8826-47C0-AE2C-0FFC1DA056B4}"
	ProjectSection(SolutionItems) = preProject
		testeclientvanila.html = testeclientvanila.html
	EndProjectSection
EndProject
Global
	GlobalSection(SolutionConfigurationPlatforms) = preSolution
		Debug|Any CPU = Debug|Any CPU
		Release|Any CPU = Release|Any CPU
	EndGlobalSection
	GlobalSection(ProjectConfigurationPlatforms) = postSolution
		{A6538609-114C-4F02-93AB-72465CEB9F85}.Debug|Any CPU.ActiveCfg = Debug|Any CPU
		{A6538609-114C-4F02-93AB-72465CEB9F85}.Debug|Any CPU.Build.0 = Debug|Any CPU
		{A6538609-114C-4F02-93AB-72465CEB9F85}.Release|Any CPU.ActiveCfg = Release|Any CPU
		{A6538609-114C-4F02-93AB-72465CEB9F85}.Release|Any CPU.Build.0 = Release|Any CPU
		{4E2EFA79-F975-4DA3-B945-42BA7687A0D5}.Debug|Any CPU.ActiveCfg = Debug|Any CPU
		{4E2EFA79-F975-4DA3-B945-42BA7687A0D5}.Debug|Any CPU.Build.0 = Debug|Any CPU
		{4E2EFA79-F975-4DA3-B945-42BA7687A0D5}.Release|Any CPU.ActiveCfg = Release|Any CPU
		{4E2EFA79-F975-4DA3-B945-42BA7687A0D5}.Release|Any CPU.Build.0 = Release|Any CPU
		{3C8DEB83-FAC3-4C8D-A1DF-F0AB26202577}.Debug|Any CPU.ActiveCfg = Debug|Any CPU
		{3C8DEB83-FAC3-4C8D-A1DF-F0AB26202577}.Debug|Any CPU.Build.0 = Debug|Any CPU
		{3C8DEB83-FAC3-4C8D-A1DF-F0AB26202577}.Release|Any CPU.ActiveCfg = Release|Any CPU
		{3C8DEB83-FAC3-4C8D-A1DF-F0AB26202577}.Release|Any CPU.Build.0 = Release|Any CPU
		{D7304212-5595-4330-A6A1-7F6B97564BCF}.Debug|Any CPU.ActiveCfg = Debug|Any CPU
		{D7304212-5595-4330-A6A1-7F6B97564BCF}.Debug|Any CPU.Build.0 = Debug|Any CPU
		{D7304212-5595-4330-A6A1-7F6B97564BCF}.Release|Any CPU.ActiveCfg = Release|Any CPU
		{D7304212-5595-4330-A6A1-7F6B97564BCF}.Release|Any CPU.Build.0 = Release|Any CPU
		{7F81837C-4B34-4859-9580-3B379C92BFED}.Debug|Any CPU.ActiveCfg = Debug|Any CPU
		{7F81837C-4B34-4859-9580-3B379C92BFED}.Debug|Any CPU.Build.0 = Debug|Any CPU
		{7F81837C-4B34-4859-9580-3B379C92BFED}.Release|Any CPU.ActiveCfg = Release|Any CPU
		{7F81837C-4B34-4859-9580-3B379C92BFED}.Release|Any CPU.Build.0 = Release|Any CPU
		{9C84512A-58B8-4506-AE6D-27C593CE4B26}.Debug|Any CPU.ActiveCfg = Debug|Any CPU
		{9C84512A-58B8-4506-AE6D-27C593CE4B26}.Debug|Any CPU.Build.0 = Debug|Any CPU
		{9C84512A-58B8-4506-AE6D-27C593CE4B26}.Release|Any CPU.ActiveCfg = Release|Any CPU
		{9C84512A-58B8-4506-AE6D-27C593CE4B26}.Release|Any CPU.Build.0 = Release|Any CPU
		{67A4C35E-12D0-46ED-B128-9BDC68A66BFB}.Debug|Any CPU.ActiveCfg = Debug|Any CPU
		{67A4C35E-12D0-46ED-B128-9BDC68A66BFB}.Debug|Any CPU.Build.0 = Debug|Any CPU
		{67A4C35E-12D0-46ED-B128-9BDC68A66BFB}.Release|Any CPU.ActiveCfg = Release|Any CPU
		{67A4C35E-12D0-46ED-B128-9BDC68A66BFB}.Release|Any CPU.Build.0 = Release|Any CPU
		{37358FDE-5437-458E-9A17-CDE77C31A7CE}.Debug|Any CPU.ActiveCfg = Debug|Any CPU
		{37358FDE-5437-458E-9A17-CDE77C31A7CE}.Debug|Any CPU.Build.0 = Debug|Any CPU
		{37358FDE-5437-458E-9A17-CDE77C31A7CE}.Release|Any CPU.ActiveCfg = Release|Any CPU
		{37358FDE-5437-458E-9A17-CDE77C31A7CE}.Release|Any CPU.Build.0 = Release|Any CPU
		{CA95FE52-DD57-4FEB-9ABA-A6C617004D36}.Debug|Any CPU.ActiveCfg = Debug|Any CPU
		{CA95FE52-DD57-4FEB-9ABA-A6C617004D36}.Debug|Any CPU.Build.0 = Debug|Any CPU
		{CA95FE52-DD57-4FEB-9ABA-A6C617004D36}.Release|Any CPU.ActiveCfg = Release|Any CPU
		{CA95FE52-DD57-4FEB-9ABA-A6C617004D36}.Release|Any CPU.Build.0 = Release|Any CPU
		{73137C0C-DE65-4675-806E-1DF47211A93E}.Debug|Any CPU.ActiveCfg = Debug|Any CPU
		{73137C0C-DE65-4675-806E-1DF47211A93E}.Debug|Any CPU.Build.0 = Debug|Any CPU
		{73137C0C-DE65-4675-806E-1DF47211A93E}.Release|Any CPU.ActiveCfg = Release|Any CPU
		{73137C0C-DE65-4675-806E-1DF47211A93E}.Release|Any CPU.Build.0 = Release|Any CPU
		{1D43CDB1-356C-469B-8387-AE65A4B80E65}.Debug|Any CPU.ActiveCfg = Debug|Any CPU
		{1D43CDB1-356C-469B-8387-AE65A4B80E65}.Debug|Any CPU.Build.0 = Debug|Any CPU
		{1D43CDB1-356C-469B-8387-AE65A4B80E65}.Release|Any CPU.ActiveCfg = Release|Any CPU
		{1D43CDB1-356C-469B-8387-AE65A4B80E65}.Release|Any CPU.Build.0 = Release|Any CPU
		{19184293-E9D0-4596-A3A8-5FCD3F5551D8}.Debug|Any CPU.ActiveCfg = Debug|Any CPU
		{19184293-E9D0-4596-A3A8-5FCD3F5551D8}.Debug|Any CPU.Build.0 = Debug|Any CPU
		{19184293-E9D0-4596-A3A8-5FCD3F5551D8}.Release|Any CPU.ActiveCfg = Release|Any CPU
		{19184293-E9D0-4596-A3A8-5FCD3F5551D8}.Release|Any CPU.Build.0 = Release|Any CPU
		{C983A540-61A9-4F58-B1C3-AF523A8F109C}.Debug|Any CPU.ActiveCfg = Debug|Any CPU
		{C983A540-61A9-4F58-B1C3-AF523A8F109C}.Debug|Any CPU.Build.0 = Debug|Any CPU
		{C983A540-61A9-4F58-B1C3-AF523A8F109C}.Release|Any CPU.ActiveCfg = Release|Any CPU
		{C983A540-61A9-4F58-B1C3-AF523A8F109C}.Release|Any CPU.Build.0 = Release|Any CPU
		{5004DFFC-85BA-4AD7-8F26-273BE0375CE8}.Debug|Any CPU.ActiveCfg = Debug|Any CPU
		{5004DFFC-85BA-4AD7-8F26-273BE0375CE8}.Debug|Any CPU.Build.0 = Debug|Any CPU
		{5004DFFC-85BA-4AD7-8F26-273BE0375CE8}.Release|Any CPU.ActiveCfg = Release|Any CPU
		{5004DFFC-85BA-4AD7-8F26-273BE0375CE8}.Release|Any CPU.Build.0 = Release|Any CPU
		{C992A67B-9304-4E4C-89E3-0C5615036429}.Debug|Any CPU.ActiveCfg = Debug|Any CPU
		{C992A67B-9304-4E4C-89E3-0C5615036429}.Debug|Any CPU.Build.0 = Debug|Any CPU
		{C992A67B-9304-4E4C-89E3-0C5615036429}.Release|Any CPU.ActiveCfg = Release|Any CPU
		{C992A67B-9304-4E4C-89E3-0C5615036429}.Release|Any CPU.Build.0 = Release|Any CPU
		{339C3F18-E585-4264-9D6C-1EA818BDF1A1}.Debug|Any CPU.ActiveCfg = Debug|Any CPU
		{339C3F18-E585-4264-9D6C-1EA818BDF1A1}.Debug|Any CPU.Build.0 = Debug|Any CPU
		{339C3F18-E585-4264-9D6C-1EA818BDF1A1}.Release|Any CPU.ActiveCfg = Release|Any CPU
		{339C3F18-E585-4264-9D6C-1EA818BDF1A1}.Release|Any CPU.Build.0 = Release|Any CPU
		{0177D77D-9CC1-4A80-9940-13F9AD59AF87}.Debug|Any CPU.ActiveCfg = Debug|Any CPU
		{0177D77D-9CC1-4A80-9940-13F9AD59AF87}.Debug|Any CPU.Build.0 = Debug|Any CPU
		{0177D77D-9CC1-4A80-9940-13F9AD59AF87}.Release|Any CPU.ActiveCfg = Release|Any CPU
		{0177D77D-9CC1-4A80-9940-13F9AD59AF87}.Release|Any CPU.Build.0 = Release|Any CPU
		{8D90FFF1-126C-4B98-9376-4FD0DB86FFF3}.Debug|Any CPU.ActiveCfg = Debug|Any CPU
		{8D90FFF1-126C-4B98-9376-4FD0DB86FFF3}.Debug|Any CPU.Build.0 = Debug|Any CPU
		{8D90FFF1-126C-4B98-9376-4FD0DB86FFF3}.Release|Any CPU.ActiveCfg = Release|Any CPU
		{8D90FFF1-126C-4B98-9376-4FD0DB86FFF3}.Release|Any CPU.Build.0 = Release|Any CPU
	EndGlobalSection
	GlobalSection(SolutionProperties) = preSolution
		HideSolutionNode = FALSE
	EndGlobalSection
	GlobalSection(NestedProjects) = preSolution
		{C68A18D7-1B12-4BF3-B330-7013BFFED296} = {3349D223-DB45-4A64-A93A-8435116F0C6C}
		{CF05181F-8436-4536-805F-67A7D9042049} = {3349D223-DB45-4A64-A93A-8435116F0C6C}
		{A4C74B2D-1C5D-46CC-AAE2-E90084A1D264} = {3349D223-DB45-4A64-A93A-8435116F0C6C}
		{CCA458FE-7566-4FEE-8339-B7C13130D9D5} = {A4C74B2D-1C5D-46CC-AAE2-E90084A1D264}
		{7A162344-577E-4683-B3DC-956571D0F4E3} = {A4C74B2D-1C5D-46CC-AAE2-E90084A1D264}
		{D622F106-9DC3-46F6-A392-7D414D0189D8} = {A4C74B2D-1C5D-46CC-AAE2-E90084A1D264}
		{04B30DC6-7DC3-4F31-A96F-FC8E39401E4D} = {C68A18D7-1B12-4BF3-B330-7013BFFED296}
		{AF90B3C1-557D-4FDA-BBA1-67DBFEA0E683} = {C68A18D7-1B12-4BF3-B330-7013BFFED296}
		{5EB5530C-13DC-4DC8-BDA9-B67E8DA68E33} = {C68A18D7-1B12-4BF3-B330-7013BFFED296}
		{9DC08680-32DB-462E-B38A-99A0C084EF4B} = {CF05181F-8436-4536-805F-67A7D9042049}
		{35889592-0690-40A5-AAB4-088ED71758E8} = {CF05181F-8436-4536-805F-67A7D9042049}
		{F7F7BA14-ACC7-4A99-B3F3-B67CB593DC12} = {CF05181F-8436-4536-805F-67A7D9042049}
		{A6538609-114C-4F02-93AB-72465CEB9F85} = {7A162344-577E-4683-B3DC-956571D0F4E3}
		{4E2EFA79-F975-4DA3-B945-42BA7687A0D5} = {04B30DC6-7DC3-4F31-A96F-FC8E39401E4D}
		{3C8DEB83-FAC3-4C8D-A1DF-F0AB26202577} = {9DC08680-32DB-462E-B38A-99A0C084EF4B}
		{D7304212-5595-4330-A6A1-7F6B97564BCF} = {CCA458FE-7566-4FEE-8339-B7C13130D9D5}
		{7F81837C-4B34-4859-9580-3B379C92BFED} = {AF90B3C1-557D-4FDA-BBA1-67DBFEA0E683}
		{9C84512A-58B8-4506-AE6D-27C593CE4B26} = {35889592-0690-40A5-AAB4-088ED71758E8}
		{67A4C35E-12D0-46ED-B128-9BDC68A66BFB} = {D622F106-9DC3-46F6-A392-7D414D0189D8}
		{37358FDE-5437-458E-9A17-CDE77C31A7CE} = {5EB5530C-13DC-4DC8-BDA9-B67E8DA68E33}
		{CA95FE52-DD57-4FEB-9ABA-A6C617004D36} = {F7F7BA14-ACC7-4A99-B3F3-B67CB593DC12}
		{73137C0C-DE65-4675-806E-1DF47211A93E} = {CCA458FE-7566-4FEE-8339-B7C13130D9D5}
		{1D43CDB1-356C-469B-8387-AE65A4B80E65} = {AF90B3C1-557D-4FDA-BBA1-67DBFEA0E683}
		{19184293-E9D0-4596-A3A8-5FCD3F5551D8} = {35889592-0690-40A5-AAB4-088ED71758E8}
		{A553B8E7-1F34-42F4-A6ED-64BEE3CC4B24} = {3349D223-DB45-4A64-A93A-8435116F0C6C}
		{C983A540-61A9-4F58-B1C3-AF523A8F109C} = {35889592-0690-40A5-AAB4-088ED71758E8}
		{5004DFFC-85BA-4AD7-8F26-273BE0375CE8} = {A553B8E7-1F34-42F4-A6ED-64BEE3CC4B24}
		{C992A67B-9304-4E4C-89E3-0C5615036429} = {AF90B3C1-557D-4FDA-BBA1-67DBFEA0E683}
		{339C3F18-E585-4264-9D6C-1EA818BDF1A1} = {CCA458FE-7566-4FEE-8339-B7C13130D9D5}
		{0177D77D-9CC1-4A80-9940-13F9AD59AF87} = {A553B8E7-1F34-42F4-A6ED-64BEE3CC4B24}
		{8D90FFF1-126C-4B98-9376-4FD0DB86FFF3} = {A553B8E7-1F34-42F4-A6ED-64BEE3CC4B24}
	EndGlobalSection
	GlobalSection(ExtensibilityGlobals) = postSolution
		SolutionGuid = {2BF71564-5553-409B-8CF0-5D13BCF585F8}
	EndGlobalSection
EndGlobal
